
Microsoft Visual Studio Solution File, Format Version 12.00
# Visual Studio 15
VisualStudioVersion = 15.0.27130.2020
MinimumVisualStudioVersion = 10.0.40219.1
Project("{9A19103F-16F7-4668-BE54-9A1E7A4F7556}") = "hce-repro-lib", "hce-repro-lib\hce-repro-lib.csproj", "{99B28C75-A1EF-4729-869D-EB1FA8550276}"
EndProject
Project("{FAE04EC0-301F-11D3-BF4B-00C04F79EFBC}") = "hce-repro-bin", "hce-repro-bin\hce-repro-bin.csproj", "{5630B75E-2DD1-47F8-AA6D-A0386F684D4E}"
EndProject
Global
	GlobalSection(SolutionConfigurationPlatforms) = preSolution
		Debug|Any CPU = Debug|Any CPU
		Release|Any CPU = Release|Any CPU
	EndGlobalSection
	GlobalSection(ProjectConfigurationPlatforms) = postSolution
		{99B28C75-A1EF-4729-869D-EB1FA8550276}.Debug|Any CPU.ActiveCfg = Debug|Any CPU
		{99B28C75-A1EF-4729-869D-EB1FA8550276}.Debug|Any CPU.Build.0 = Debug|Any CPU
		{99B28C75-A1EF-4729-869D-EB1FA8550276}.Release|Any CPU.ActiveCfg = Release|Any CPU
		{99B28C75-A1EF-4729-869D-EB1FA8550276}.Release|Any CPU.Build.0 = Release|Any CPU
		{5630B75E-2DD1-47F8-AA6D-A0386F684D4E}.Debug|Any CPU.ActiveCfg = Debug|Any CPU
		{5630B75E-2DD1-47F8-AA6D-A0386F684D4E}.Debug|Any CPU.Build.0 = Debug|Any CPU
		{5630B75E-2DD1-47F8-AA6D-A0386F684D4E}.Release|Any CPU.ActiveCfg = Release|Any CPU
		{5630B75E-2DD1-47F8-AA6D-A0386F684D4E}.Release|Any CPU.Build.0 = Release|Any CPU
	EndGlobalSection
	GlobalSection(SolutionProperties) = preSolution
		HideSolutionNode = FALSE
	EndGlobalSection
	GlobalSection(ExtensibilityGlobals) = postSolution
		SolutionGuid = {B2B2955E-A61D-4471-B9A3-6715EED14E26}
	EndGlobalSection
EndGlobal
